
Microsoft Visual Studio Solution File, Format Version 12.00
# Visual Studio 15
VisualStudioVersion = 15.0.28010.2046
MinimumVisualStudioVersion = 10.0.40219.1
Project("{9A19103F-16F7-4668-BE54-9A1E7A4F7556}") = "OcelotGetway", "OcelotGetway\OcelotGetway.csproj", "{5AC59CDC-2285-42F0-B59A-34556BB9EA0F}"
EndProject
Project("{9A19103F-16F7-4668-BE54-9A1E7A4F7556}") = "WebApiA", "WebApiA\WebApiA.csproj", "{39FDD213-10D7-4922-9552-35F7453135B7}"
EndProject
Project("{9A19103F-16F7-4668-BE54-9A1E7A4F7556}") = "WebApiB", "WebApiB\WebApiB.csproj", "{637EAEB5-7D31-4BFA-BF27-931CBEDD497E}"
EndProject
Project("{2150E333-8FDC-42A3-9474-1A3956D46DE8}") = "NewFolder1", "NewFolder1", "{F72538B8-B3DA-46B1-8036-84206EC0A43D}"
EndProject
Project("{FAE04EC0-301F-11D3-BF4B-00C04F79EFBC}") = "IdentityServer", "IdentityServer\IdentityServer.csproj", "{B2C02D1A-64BE-45B4-8D7C-C4F907142F96}"
EndProject
Global
	GlobalSection(SolutionConfigurationPlatforms) = preSolution
		Debug|Any CPU = Debug|Any CPU
		Release|Any CPU = Release|Any CPU
	EndGlobalSection
	GlobalSection(ProjectConfigurationPlatforms) = postSolution
		{5AC59CDC-2285-42F0-B59A-34556BB9EA0F}.Debug|Any CPU.ActiveCfg = Debug|Any CPU
		{5AC59CDC-2285-42F0-B59A-34556BB9EA0F}.Debug|Any CPU.Build.0 = Debug|Any CPU
		{5AC59CDC-2285-42F0-B59A-34556BB9EA0F}.Release|Any CPU.ActiveCfg = Release|Any CPU
		{5AC59CDC-2285-42F0-B59A-34556BB9EA0F}.Release|Any CPU.Build.0 = Release|Any CPU
		{39FDD213-10D7-4922-9552-35F7453135B7}.Debug|Any CPU.ActiveCfg = Debug|Any CPU
		{39FDD213-10D7-4922-9552-35F7453135B7}.Debug|Any CPU.Build.0 = Debug|Any CPU
		{39FDD213-10D7-4922-9552-35F7453135B7}.Release|Any CPU.ActiveCfg = Release|Any CPU
		{39FDD213-10D7-4922-9552-35F7453135B7}.Release|Any CPU.Build.0 = Release|Any CPU
		{637EAEB5-7D31-4BFA-BF27-931CBEDD497E}.Debug|Any CPU.ActiveCfg = Debug|Any CPU
		{637EAEB5-7D31-4BFA-BF27-931CBEDD497E}.Debug|Any CPU.Build.0 = Debug|Any CPU
		{637EAEB5-7D31-4BFA-BF27-931CBEDD497E}.Release|Any CPU.ActiveCfg = Release|Any CPU
		{637EAEB5-7D31-4BFA-BF27-931CBEDD497E}.Release|Any CPU.Build.0 = Release|Any CPU
		{B2C02D1A-64BE-45B4-8D7C-C4F907142F96}.Debug|Any CPU.ActiveCfg = Debug|Any CPU
		{B2C02D1A-64BE-45B4-8D7C-C4F907142F96}.Debug|Any CPU.Build.0 = Debug|Any CPU
		{B2C02D1A-64BE-45B4-8D7C-C4F907142F96}.Release|Any CPU.ActiveCfg = Release|Any CPU
		{B2C02D1A-64BE-45B4-8D7C-C4F907142F96}.Release|Any CPU.Build.0 = Release|Any CPU
	EndGlobalSection
	GlobalSection(SolutionProperties) = preSolution
		HideSolutionNode = FALSE
	EndGlobalSection
	GlobalSection(ExtensibilityGlobals) = postSolution
		SolutionGuid = {432E6BA1-52D8-4240-B6A7-349B14AE1AE5}
	EndGlobalSection
EndGlobal
